
Microsoft Visual Studio Solution File, Format Version 11.00
# Visual Studio 2010
Project("{FAE04EC0-301F-11D3-BF4B-00C04F79EFBC}") = "UnityEngine.UI", "UnityEngine.UI.csproj", "{df817381-c680-b3d4-c4d8-64bb41699d11}"
EndProject
Project("{FAE04EC0-301F-11D3-BF4B-00C04F79EFBC}") = "UnityEngine.TestRunner", "UnityEngine.TestRunner.csproj", "{d735e23e-936e-bbb7-34af-eb4c9097446b}"
EndProject
Project("{FAE04EC0-301F-11D3-BF4B-00C04F79EFBC}") = "Unity.VisualScripting.Flow", "Unity.VisualScripting.Flow.csproj", "{848d2709-db2b-1d27-1933-3f23a98cd6ce}"
EndProject
Project("{FAE04EC0-301F-11D3-BF4B-00C04F79EFBC}") = "Unity.Services.Core.Telemetry", "Unity.Services.Core.Telemetry.csproj", "{c81c5ed0-7612-2c61-d98b-9e50d26d0362}"
EndProject
Project("{FAE04EC0-301F-11D3-BF4B-00C04F79EFBC}") = "Unity.VisualScripting.State", "Unity.VisualScripting.State.csproj", "{13e7ab3f-19aa-af65-7d55-573a804ca162}"
EndProject
Project("{FAE04EC0-301F-11D3-BF4B-00C04F79EFBC}") = "Unity.VisualScripting.Core", "Unity.VisualScripting.Core.csproj", "{f8d88e87-afce-be7f-7ddd-023ddba4718f}"
EndProject
Project("{FAE04EC0-301F-11D3-BF4B-00C04F79EFBC}") = "Unity.Services.Core.Environments.Internal", "Unity.Services.Core.Environments.Internal.csproj", "{7cd37da1-3d05-c603-e7f0-2ca68a051746}"
EndProject
Project("{FAE04EC0-301F-11D3-BF4B-00C04F79EFBC}") = "Unity.TextMeshPro", "Unity.TextMeshPro.csproj", "{c9c12b09-132b-71e1-7048-0cc5a626c914}"
EndProject
Project("{FAE04EC0-301F-11D3-BF4B-00C04F79EFBC}") = "Unity.Timeline", "Unity.Timeline.csproj", "{22aa45ac-b802-8086-c9bf-e212bf555520}"
EndProject
Project("{FAE04EC0-301F-11D3-BF4B-00C04F79EFBC}") = "Unity.Services.Core", "Unity.Services.Core.csproj", "{bf9b4863-157d-775f-6aaa-8c83ab6242c2}"
EndProject
Project("{FAE04EC0-301F-11D3-BF4B-00C04F79EFBC}") = "Assembly-CSharp", "Assembly-CSharp.csproj", "{2f6aa854-8ae0-702e-2e09-5fc74f66b021}"
EndProject
Project("{FAE04EC0-301F-11D3-BF4B-00C04F79EFBC}") = "Unity.Services.Core.Environments", "Unity.Services.Core.Environments.csproj", "{dc3ca9bf-9e85-a85a-3ede-c4f90aa403bc}"
EndProject
Project("{FAE04EC0-301F-11D3-BF4B-00C04F79EFBC}") = "Unity.Services.Core.Internal", "Unity.Services.Core.Internal.csproj", "{02818597-bbcb-1dcb-5daf-e0ff32770e08}"
EndProject
Project("{FAE04EC0-301F-11D3-BF4B-00C04F79EFBC}") = "Unity.Services.Core.Analytics", "Unity.Services.Core.Analytics.csproj", "{00646369-7e7b-af7d-c39c-199fe746dc85}"
EndProject
Project("{FAE04EC0-301F-11D3-BF4B-00C04F79EFBC}") = "Unity.Services.Core.Scheduler", "Unity.Services.Core.Scheduler.csproj", "{3b540f1b-5744-dcb5-f9e9-053a0a57a4bb}"
EndProject
Project("{FAE04EC0-301F-11D3-BF4B-00C04F79EFBC}") = "Unity.Services.Core.Registration", "Unity.Services.Core.Registration.csproj", "{55bb708c-93c1-38fa-72c9-1c65dbcbb7d1}"
EndProject
Project("{FAE04EC0-301F-11D3-BF4B-00C04F79EFBC}") = "Unity.Services.Core.Device", "Unity.Services.Core.Device.csproj", "{6733f7dc-2735-d39c-b8d3-c176e06a1cf0}"
EndProject
Project("{FAE04EC0-301F-11D3-BF4B-00C04F79EFBC}") = "Unity.Services.Core.Threading", "Unity.Services.Core.Threading.csproj", "{00da36a7-49e0-7241-fbac-79348237b507}"
EndProject
Project("{FAE04EC0-301F-11D3-BF4B-00C04F79EFBC}") = "Unity.Services.Core.Networking", "Unity.Services.Core.Networking.csproj", "{10dbf111-56e5-c301-2c73-fa4984768a93}"
EndProject
Project("{FAE04EC0-301F-11D3-BF4B-00C04F79EFBC}") = "Unity.Services.Core.Configuration", "Unity.Services.Core.Configuration.csproj", "{e33728dc-4cef-51d8-4ab4-b2303c903189}"
EndProject
Project("{FAE04EC0-301F-11D3-BF4B-00C04F79EFBC}") = "Unity.PlasticSCM.Editor", "Unity.PlasticSCM.Editor.csproj", "{04e779e7-59cd-8f3d-b4ef-5b6f2c25cfea}"
EndProject
Project("{FAE04EC0-301F-11D3-BF4B-00C04F79EFBC}") = "Unity.VisualScripting.Core.Editor", "Unity.VisualScripting.Core.Editor.csproj", "{ffebc3db-4d88-dbab-87a4-4656bf5a4cd7}"
EndProject
Project("{FAE04EC0-301F-11D3-BF4B-00C04F79EFBC}") = "Unity.VisualScripting.Flow.Editor", "Unity.VisualScripting.Flow.Editor.csproj", "{687afef2-18ad-0e29-8f87-3dd3d7af2e75}"
EndProject
Project("{FAE04EC0-301F-11D3-BF4B-00C04F79EFBC}") = "Unity.VisualStudio.Editor", "Unity.VisualStudio.Editor.csproj", "{48a3c1d5-f04f-e3ac-2e71-a4e3affe83e3}"
EndProject
Project("{FAE04EC0-301F-11D3-BF4B-00C04F79EFBC}") = "Unity.Timeline.Editor", "Unity.Timeline.Editor.csproj", "{fc37c886-723f-0795-5ae7-0fcfbf8cc186}"
EndProject
Project("{FAE04EC0-301F-11D3-BF4B-00C04F79EFBC}") = "Unity.VisualScripting.State.Editor", "Unity.VisualScripting.State.Editor.csproj", "{d73acced-3be7-9940-b9b1-f591005dc6ff}"
EndProject
Project("{FAE04EC0-301F-11D3-BF4B-00C04F79EFBC}") = "Unity.TextMeshPro.Editor", "Unity.TextMeshPro.Editor.csproj", "{952d5820-d36d-4b50-0940-85e8dd314989}"
EndProject
Project("{FAE04EC0-301F-11D3-BF4B-00C04F79EFBC}") = "Unity.VisualScripting.SettingsProvider.Editor", "Unity.VisualScripting.SettingsProvider.Editor.csproj", "{ad1e7fac-2a29-858a-c02a-5fcfd362e5f3}"
EndProject
Project("{FAE04EC0-301F-11D3-BF4B-00C04F79EFBC}") = "Unity.CollabProxy.Editor", "Unity.CollabProxy.Editor.csproj", "{5a1bfd5f-db0a-dcfb-4690-2f942eb87be3}"
EndProject
Project("{FAE04EC0-301F-11D3-BF4B-00C04F79EFBC}") = "UnityEditor.TestRunner", "UnityEditor.TestRunner.csproj", "{b60ad221-dac1-3eac-b70f-d0f2ac23cbc0}"
EndProject
Project("{FAE04EC0-301F-11D3-BF4B-00C04F79EFBC}") = "Unity.Services.Core.Editor", "Unity.Services.Core.Editor.csproj", "{1f0a828c-c90f-61d1-c5fb-ffe8e1aded99}"
EndProject
Project("{FAE04EC0-301F-11D3-BF4B-00C04F79EFBC}") = "Unity.TestTools.CodeCoverage.Editor", "Unity.TestTools.CodeCoverage.Editor.csproj", "{fe38450b-953f-c8f2-4cbf-55a369b04beb}"
EndProject
Project("{FAE04EC0-301F-11D3-BF4B-00C04F79EFBC}") = "Unity.Rider.Editor", "Unity.Rider.Editor.csproj", "{551de1c6-6a49-704c-6b1c-9839f45cee70}"
EndProject
Project("{FAE04EC0-301F-11D3-BF4B-00C04F79EFBC}") = "Unity.Performance.Profile-Analyzer.Editor", "Unity.Performance.Profile-Analyzer.Editor.csproj", "{0cfc7a37-f50d-f3f7-d33c-e91e692ef695}"
EndProject
Project("{FAE04EC0-301F-11D3-BF4B-00C04F79EFBC}") = "Unity.VSCode.Editor", "Unity.VSCode.Editor.csproj", "{d347ec7b-271f-bd75-a62a-f34bd9b23b72}"
EndProject
Project("{FAE04EC0-301F-11D3-BF4B-00C04F79EFBC}") = "UnityEditor.UI", "UnityEditor.UI.csproj", "{147f5971-9185-00c7-0611-8997a971197d}"
EndProject
Project("{FAE04EC0-301F-11D3-BF4B-00C04F79EFBC}") = "Unity.TestTools.CodeCoverage.Editor.OpenCover.Model", "Unity.TestTools.CodeCoverage.Editor.OpenCover.Model.csproj", "{21f2a859-091d-3f2d-15d3-87fd4a07532b}"
EndProject
Project("{FAE04EC0-301F-11D3-BF4B-00C04F79EFBC}") = "Unity.EditorCoroutines.Editor", "Unity.EditorCoroutines.Editor.csproj", "{49fffc97-b40c-7ea6-b60f-db5377f328c9}"
EndProject
Project("{FAE04EC0-301F-11D3-BF4B-00C04F79EFBC}") = "Unity.Settings.Editor", "Unity.Settings.Editor.csproj", "{919fc97d-9850-fa5b-afef-31c9d54a73ff}"
EndProject
Project("{FAE04EC0-301F-11D3-BF4B-00C04F79EFBC}") = "Unity.Services.Core.Configuration.Editor", "Unity.Services.Core.Configuration.Editor.csproj", "{dbe5d862-71b3-4fe8-cc67-cab8f300f61c}"
EndProject
Project("{FAE04EC0-301F-11D3-BF4B-00C04F79EFBC}") = "Unity.TestTools.CodeCoverage.Editor.OpenCover.Mono.Reflection", "Unity.TestTools.CodeCoverage.Editor.OpenCover.Mono.Reflection.csproj", "{92ffaa17-6a64-7f53-c59b-361bec0752e4}"
EndProject
Project("{FAE04EC0-301F-11D3-BF4B-00C04F79EFBC}") = "Unity.VisualScripting.Shared.Editor", "Unity.VisualScripting.Shared.Editor.csproj", "{0f2de4c7-189f-6d45-6974-9e144acba9b2}"
EndProject
Global
	GlobalSection(SolutionConfigurationPlatforms) = preSolution
		Debug|Any CPU = Debug|Any CPU
	EndGlobalSection
	GlobalSection(ProjectConfigurationPlatforms) = postSolution
		{df817381-c680-b3d4-c4d8-64bb41699d11}.Debug|Any CPU.ActiveCfg = Debug|Any CPU
		{df817381-c680-b3d4-c4d8-64bb41699d11}.Debug|Any CPU.Build.0 = Debug|Any CPU
		{d735e23e-936e-bbb7-34af-eb4c9097446b}.Debug|Any CPU.ActiveCfg = Debug|Any CPU
		{d735e23e-936e-bbb7-34af-eb4c9097446b}.Debug|Any CPU.Build.0 = Debug|Any CPU
		{848d2709-db2b-1d27-1933-3f23a98cd6ce}.Debug|Any CPU.ActiveCfg = Debug|Any CPU
		{848d2709-db2b-1d27-1933-3f23a98cd6ce}.Debug|Any CPU.Build.0 = Debug|Any CPU
		{c81c5ed0-7612-2c61-d98b-9e50d26d0362}.Debug|Any CPU.ActiveCfg = Debug|Any CPU
		{c81c5ed0-7612-2c61-d98b-9e50d26d0362}.Debug|Any CPU.Build.0 = Debug|Any CPU
		{13e7ab3f-19aa-af65-7d55-573a804ca162}.Debug|Any CPU.ActiveCfg = Debug|Any CPU
		{13e7ab3f-19aa-af65-7d55-573a804ca162}.Debug|Any CPU.Build.0 = Debug|Any CPU
		{f8d88e87-afce-be7f-7ddd-023ddba4718f}.Debug|Any CPU.ActiveCfg = Debug|Any CPU
		{f8d88e87-afce-be7f-7ddd-023ddba4718f}.Debug|Any CPU.Build.0 = Debug|Any CPU
		{7cd37da1-3d05-c603-e7f0-2ca68a051746}.Debug|Any CPU.ActiveCfg = Debug|Any CPU
		{7cd37da1-3d05-c603-e7f0-2ca68a051746}.Debug|Any CPU.Build.0 = Debug|Any CPU
		{c9c12b09-132b-71e1-7048-0cc5a626c914}.Debug|Any CPU.ActiveCfg = Debug|Any CPU
		{c9c12b09-132b-71e1-7048-0cc5a626c914}.Debug|Any CPU.Build.0 = Debug|Any CPU
		{22aa45ac-b802-8086-c9bf-e212bf555520}.Debug|Any CPU.ActiveCfg = Debug|Any CPU
		{22aa45ac-b802-8086-c9bf-e212bf555520}.Debug|Any CPU.Build.0 = Debug|Any CPU
		{bf9b4863-157d-775f-6aaa-8c83ab6242c2}.Debug|Any CPU.ActiveCfg = Debug|Any CPU
		{bf9b4863-157d-775f-6aaa-8c83ab6242c2}.Debug|Any CPU.Build.0 = Debug|Any CPU
		{2f6aa854-8ae0-702e-2e09-5fc74f66b021}.Debug|Any CPU.ActiveCfg = Debug|Any CPU
		{2f6aa854-8ae0-702e-2e09-5fc74f66b021}.Debug|Any CPU.Build.0 = Debug|Any CPU
		{dc3ca9bf-9e85-a85a-3ede-c4f90aa403bc}.Debug|Any CPU.ActiveCfg = Debug|Any CPU
		{dc3ca9bf-9e85-a85a-3ede-c4f90aa403bc}.Debug|Any CPU.Build.0 = Debug|Any CPU
		{02818597-bbcb-1dcb-5daf-e0ff32770e08}.Debug|Any CPU.ActiveCfg = Debug|Any CPU
		{02818597-bbcb-1dcb-5daf-e0ff32770e08}.Debug|Any CPU.Build.0 = Debug|Any CPU
		{00646369-7e7b-af7d-c39c-199fe746dc85}.Debug|Any CPU.ActiveCfg = Debug|Any CPU
		{00646369-7e7b-af7d-c39c-199fe746dc85}.Debug|Any CPU.Build.0 = Debug|Any CPU
		{3b540f1b-5744-dcb5-f9e9-053a0a57a4bb}.Debug|Any CPU.ActiveCfg = Debug|Any CPU
		{3b540f1b-5744-dcb5-f9e9-053a0a57a4bb}.Debug|Any CPU.Build.0 = Debug|Any CPU
		{55bb708c-93c1-38fa-72c9-1c65dbcbb7d1}.Debug|Any CPU.ActiveCfg = Debug|Any CPU
		{55bb708c-93c1-38fa-72c9-1c65dbcbb7d1}.Debug|Any CPU.Build.0 = Debug|Any CPU
		{6733f7dc-2735-d39c-b8d3-c176e06a1cf0}.Debug|Any CPU.ActiveCfg = Debug|Any CPU
		{6733f7dc-2735-d39c-b8d3-c176e06a1cf0}.Debug|Any CPU.Build.0 = Debug|Any CPU
		{00da36a7-49e0-7241-fbac-79348237b507}.Debug|Any CPU.ActiveCfg = Debug|Any CPU
		{00da36a7-49e0-7241-fbac-79348237b507}.Debug|Any CPU.Build.0 = Debug|Any CPU
		{10dbf111-56e5-c301-2c73-fa4984768a93}.Debug|Any CPU.ActiveCfg = Debug|Any CPU
		{10dbf111-56e5-c301-2c73-fa4984768a93}.Debug|Any CPU.Build.0 = Debug|Any CPU
		{e33728dc-4cef-51d8-4ab4-b2303c903189}.Debug|Any CPU.ActiveCfg = Debug|Any CPU
		{e33728dc-4cef-51d8-4ab4-b2303c903189}.Debug|Any CPU.Build.0 = Debug|Any CPU
		{04e779e7-59cd-8f3d-b4ef-5b6f2c25cfea}.Debug|Any CPU.ActiveCfg = Debug|Any CPU
		{04e779e7-59cd-8f3d-b4ef-5b6f2c25cfea}.Debug|Any CPU.Build.0 = Debug|Any CPU
		{ffebc3db-4d88-dbab-87a4-4656bf5a4cd7}.Debug|Any CPU.ActiveCfg = Debug|Any CPU
		{ffebc3db-4d88-dbab-87a4-4656bf5a4cd7}.Debug|Any CPU.Build.0 = Debug|Any CPU
		{687afef2-18ad-0e29-8f87-3dd3d7af2e75}.Debug|Any CPU.ActiveCfg = Debug|Any CPU
		{687afef2-18ad-0e29-8f87-3dd3d7af2e75}.Debug|Any CPU.Build.0 = Debug|Any CPU
		{48a3c1d5-f04f-e3ac-2e71-a4e3affe83e3}.Debug|Any CPU.ActiveCfg = Debug|Any CPU
		{48a3c1d5-f04f-e3ac-2e71-a4e3affe83e3}.Debug|Any CPU.Build.0 = Debug|Any CPU
		{fc37c886-723f-0795-5ae7-0fcfbf8cc186}.Debug|Any CPU.ActiveCfg = Debug|Any CPU
		{fc37c886-723f-0795-5ae7-0fcfbf8cc186}.Debug|Any CPU.Build.0 = Debug|Any CPU
		{d73acced-3be7-9940-b9b1-f591005dc6ff}.Debug|Any CPU.ActiveCfg = Debug|Any CPU
		{d73acced-3be7-9940-b9b1-f591005dc6ff}.Debug|Any CPU.Build.0 = Debug|Any CPU
		{952d5820-d36d-4b50-0940-85e8dd314989}.Debug|Any CPU.ActiveCfg = Debug|Any CPU
		{952d5820-d36d-4b50-0940-85e8dd314989}.Debug|Any CPU.Build.0 = Debug|Any CPU
		{ad1e7fac-2a29-858a-c02a-5fcfd362e5f3}.Debug|Any CPU.ActiveCfg = Debug|Any CPU
		{ad1e7fac-2a29-858a-c02a-5fcfd362e5f3}.Debug|Any CPU.Build.0 = Debug|Any CPU
		{5a1bfd5f-db0a-dcfb-4690-2f942eb87be3}.Debug|Any CPU.ActiveCfg = Debug|Any CPU
		{5a1bfd5f-db0a-dcfb-4690-2f942eb87be3}.Debug|Any CPU.Build.0 = Debug|Any CPU
		{b60ad221-dac1-3eac-b70f-d0f2ac23cbc0}.Debug|Any CPU.ActiveCfg = Debug|Any CPU
		{b60ad221-dac1-3eac-b70f-d0f2ac23cbc0}.Debug|Any CPU.Build.0 = Debug|Any CPU
		{1f0a828c-c90f-61d1-c5fb-ffe8e1aded99}.Debug|Any CPU.ActiveCfg = Debug|Any CPU
		{1f0a828c-c90f-61d1-c5fb-ffe8e1aded99}.Debug|Any CPU.Build.0 = Debug|Any CPU
		{fe38450b-953f-c8f2-4cbf-55a369b04beb}.Debug|Any CPU.ActiveCfg = Debug|Any CPU
		{fe38450b-953f-c8f2-4cbf-55a369b04beb}.Debug|Any CPU.Build.0 = Debug|Any CPU
		{551de1c6-6a49-704c-6b1c-9839f45cee70}.Debug|Any CPU.ActiveCfg = Debug|Any CPU
		{551de1c6-6a49-704c-6b1c-9839f45cee70}.Debug|Any CPU.Build.0 = Debug|Any CPU
		{0cfc7a37-f50d-f3f7-d33c-e91e692ef695}.Debug|Any CPU.ActiveCfg = Debug|Any CPU
		{0cfc7a37-f50d-f3f7-d33c-e91e692ef695}.Debug|Any CPU.Build.0 = Debug|Any CPU
		{d347ec7b-271f-bd75-a62a-f34bd9b23b72}.Debug|Any CPU.ActiveCfg = Debug|Any CPU
		{d347ec7b-271f-bd75-a62a-f34bd9b23b72}.Debug|Any CPU.Build.0 = Debug|Any CPU
		{147f5971-9185-00c7-0611-8997a971197d}.Debug|Any CPU.ActiveCfg = Debug|Any CPU
		{147f5971-9185-00c7-0611-8997a971197d}.Debug|Any CPU.Build.0 = Debug|Any CPU
		{21f2a859-091d-3f2d-15d3-87fd4a07532b}.Debug|Any CPU.ActiveCfg = Debug|Any CPU
		{21f2a859-091d-3f2d-15d3-87fd4a07532b}.Debug|Any CPU.Build.0 = Debug|Any CPU
		{49fffc97-b40c-7ea6-b60f-db5377f328c9}.Debug|Any CPU.ActiveCfg = Debug|Any CPU
		{49fffc97-b40c-7ea6-b60f-db5377f328c9}.Debug|Any CPU.Build.0 = Debug|Any CPU
		{919fc97d-9850-fa5b-afef-31c9d54a73ff}.Debug|Any CPU.ActiveCfg = Debug|Any CPU
		{919fc97d-9850-fa5b-afef-31c9d54a73ff}.Debug|Any CPU.Build.0 = Debug|Any CPU
		{dbe5d862-71b3-4fe8-cc67-cab8f300f61c}.Debug|Any CPU.ActiveCfg = Debug|Any CPU
		{dbe5d862-71b3-4fe8-cc67-cab8f300f61c}.Debug|Any CPU.Build.0 = Debug|Any CPU
		{92ffaa17-6a64-7f53-c59b-361bec0752e4}.Debug|Any CPU.ActiveCfg = Debug|Any CPU
		{92ffaa17-6a64-7f53-c59b-361bec0752e4}.Debug|Any CPU.Build.0 = Debug|Any CPU
		{0f2de4c7-189f-6d45-6974-9e144acba9b2}.Debug|Any CPU.ActiveCfg = Debug|Any CPU
		{0f2de4c7-189f-6d45-6974-9e144acba9b2}.Debug|Any CPU.Build.0 = Debug|Any CPU
	EndGlobalSection
	GlobalSection(SolutionProperties) = preSolution
		HideSolutionNode = FALSE
	EndGlobalSection
EndGlobal
