
Microsoft Visual Studio Solution File, Format Version 11.00
# Visual Studio 2010
Project("{FAE04EC0-301F-11D3-BF4B-00C04F79EFBC}") = "UnityEngine.TestRunner", "UnityEngine.TestRunner.csproj", "{bcf32f5c-303b-5350-86ab-e9bfa0fe5c9d}"
EndProject
Project("{FAE04EC0-301F-11D3-BF4B-00C04F79EFBC}") = "UnityEngine.UI", "UnityEngine.UI.csproj", "{fd98bd06-f70a-fd77-8abe-526ee8011d48}"
EndProject
Project("{FAE04EC0-301F-11D3-BF4B-00C04F79EFBC}") = "Unity.VisualScripting.Flow", "Unity.VisualScripting.Flow.csproj", "{3adb18ae-00e0-6627-b7e7-afbc738b7727}"
EndProject
Project("{FAE04EC0-301F-11D3-BF4B-00C04F79EFBC}") = "Unity.Services.Core.Telemetry", "Unity.Services.Core.Telemetry.csproj", "{4993da95-79d2-7f5c-7bc0-cc22a4ab7247}"
EndProject
Project("{FAE04EC0-301F-11D3-BF4B-00C04F79EFBC}") = "Unity.VisualScripting.State", "Unity.VisualScripting.State.csproj", "{e9183e06-19f6-0e14-f292-b2ec069d05f4}"
EndProject
Project("{FAE04EC0-301F-11D3-BF4B-00C04F79EFBC}") = "Unity.VisualScripting.Core", "Unity.VisualScripting.Core.csproj", "{d52d289d-14cb-7665-babb-ee8209d4248c}"
EndProject
Project("{FAE04EC0-301F-11D3-BF4B-00C04F79EFBC}") = "Unity.Services.Core.Environments.Internal", "Unity.Services.Core.Environments.Internal.csproj", "{8c651a1a-bf05-82e7-d6b6-62af94046859}"
EndProject
Project("{FAE04EC0-301F-11D3-BF4B-00C04F79EFBC}") = "Unity.TextMeshPro", "Unity.TextMeshPro.csproj", "{93eac2b7-a638-55aa-36cb-d3f7ab180e72}"
EndProject
Project("{FAE04EC0-301F-11D3-BF4B-00C04F79EFBC}") = "Unity.Timeline", "Unity.Timeline.csproj", "{1e22602e-8907-aa56-ebf3-b23c2b503f03}"
EndProject
Project("{FAE04EC0-301F-11D3-BF4B-00C04F79EFBC}") = "Unity.Services.Core", "Unity.Services.Core.csproj", "{602550db-e7c8-881a-c39a-04cb5f33fea8}"
EndProject
Project("{FAE04EC0-301F-11D3-BF4B-00C04F79EFBC}") = "Unity.Services.Core.Environments", "Unity.Services.Core.Environments.csproj", "{4b861e01-2806-6d8c-8225-14fe2f112873}"
EndProject
Project("{FAE04EC0-301F-11D3-BF4B-00C04F79EFBC}") = "Unity.Services.Core.Internal", "Unity.Services.Core.Internal.csproj", "{3e934bd6-ba56-eaea-4c86-08e96b9b3a25}"
EndProject
Project("{FAE04EC0-301F-11D3-BF4B-00C04F79EFBC}") = "Unity.Services.Core.Analytics", "Unity.Services.Core.Analytics.csproj", "{6245c2ef-c298-872c-8a64-c756973fe5e1}"
EndProject
Project("{FAE04EC0-301F-11D3-BF4B-00C04F79EFBC}") = "Unity.Services.Core.Scheduler", "Unity.Services.Core.Scheduler.csproj", "{dabf68ce-a65d-5dc5-d6d8-7788aea83612}"
EndProject
Project("{FAE04EC0-301F-11D3-BF4B-00C04F79EFBC}") = "Unity.Services.Core.Registration", "Unity.Services.Core.Registration.csproj", "{581ef288-e278-b9b4-487a-295937e9c7ad}"
EndProject
Project("{FAE04EC0-301F-11D3-BF4B-00C04F79EFBC}") = "Unity.Services.Core.Device", "Unity.Services.Core.Device.csproj", "{7bf3b28f-9f18-87f4-5a90-9507532241ea}"
EndProject
Project("{FAE04EC0-301F-11D3-BF4B-00C04F79EFBC}") = "Unity.Services.Core.Threading", "Unity.Services.Core.Threading.csproj", "{2b43d362-e9c7-d5cd-69b7-a4db55773e6c}"
EndProject
Project("{FAE04EC0-301F-11D3-BF4B-00C04F79EFBC}") = "Unity.Services.Core.Networking", "Unity.Services.Core.Networking.csproj", "{0185e34c-4105-f8a7-2bca-61e7326f7c85}"
EndProject
Project("{FAE04EC0-301F-11D3-BF4B-00C04F79EFBC}") = "Unity.Services.Core.Configuration", "Unity.Services.Core.Configuration.csproj", "{d63a4edf-d3ff-79ac-eeae-28e4bdaceeab}"
EndProject
Project("{FAE04EC0-301F-11D3-BF4B-00C04F79EFBC}") = "Assembly-CSharp", "Assembly-CSharp.csproj", "{721cbc18-8c12-7605-c6ce-9f03b6d12d21}"
EndProject
Project("{FAE04EC0-301F-11D3-BF4B-00C04F79EFBC}") = "Unity.PlasticSCM.Editor", "Unity.PlasticSCM.Editor.csproj", "{5f6e1bfc-358a-2ca9-e482-2fe7b06ead1b}"
EndProject
Project("{FAE04EC0-301F-11D3-BF4B-00C04F79EFBC}") = "Unity.VisualScripting.Core.Editor", "Unity.VisualScripting.Core.Editor.csproj", "{9bdaca72-010d-0371-a211-2650f154c5ad}"
EndProject
Project("{FAE04EC0-301F-11D3-BF4B-00C04F79EFBC}") = "Unity.VisualScripting.Flow.Editor", "Unity.VisualScripting.Flow.Editor.csproj", "{f82d0a72-3572-4e69-f674-c00b7996a57b}"
EndProject
Project("{FAE04EC0-301F-11D3-BF4B-00C04F79EFBC}") = "Unity.VisualStudio.Editor", "Unity.VisualStudio.Editor.csproj", "{0d458eb7-08c4-84ff-6976-a562aec11922}"
EndProject
Project("{FAE04EC0-301F-11D3-BF4B-00C04F79EFBC}") = "Unity.Timeline.Editor", "Unity.Timeline.Editor.csproj", "{a99f9e0e-fed4-9a82-d35b-2b1e259afee7}"
EndProject
Project("{FAE04EC0-301F-11D3-BF4B-00C04F79EFBC}") = "Unity.VisualScripting.State.Editor", "Unity.VisualScripting.State.Editor.csproj", "{855ab0d5-a3d7-8b7f-05f7-01491b5beb52}"
EndProject
Project("{FAE04EC0-301F-11D3-BF4B-00C04F79EFBC}") = "Unity.TextMeshPro.Editor", "Unity.TextMeshPro.Editor.csproj", "{0f180765-0147-c2be-c087-0e463fa67558}"
EndProject
Project("{FAE04EC0-301F-11D3-BF4B-00C04F79EFBC}") = "Unity.VisualScripting.SettingsProvider.Editor", "Unity.VisualScripting.SettingsProvider.Editor.csproj", "{40775152-7553-75c9-0c87-9a8b69e7d25a}"
EndProject
Project("{FAE04EC0-301F-11D3-BF4B-00C04F79EFBC}") = "Unity.CollabProxy.Editor", "Unity.CollabProxy.Editor.csproj", "{d505c736-c346-c02d-56e0-efe9656fed30}"
EndProject
Project("{FAE04EC0-301F-11D3-BF4B-00C04F79EFBC}") = "UnityEditor.TestRunner", "UnityEditor.TestRunner.csproj", "{f4a7f82a-0602-ab00-d4e3-4e5f0b0f05bf}"
EndProject
Project("{FAE04EC0-301F-11D3-BF4B-00C04F79EFBC}") = "Unity.Services.Core.Editor", "Unity.Services.Core.Editor.csproj", "{f666f336-d40c-fb34-24b9-04d87738160c}"
EndProject
Project("{FAE04EC0-301F-11D3-BF4B-00C04F79EFBC}") = "Unity.TestTools.CodeCoverage.Editor", "Unity.TestTools.CodeCoverage.Editor.csproj", "{ed6a99b1-0d8e-c8ac-4a37-766b5c6aafc0}"
EndProject
Project("{FAE04EC0-301F-11D3-BF4B-00C04F79EFBC}") = "Unity.Rider.Editor", "Unity.Rider.Editor.csproj", "{13a14644-777e-161c-ab87-96c862a0a995}"
EndProject
Project("{FAE04EC0-301F-11D3-BF4B-00C04F79EFBC}") = "Unity.Performance.Profile-Analyzer.Editor", "Unity.Performance.Profile-Analyzer.Editor.csproj", "{e7b84e70-2d7b-3c4a-d5b5-62b85be71e7f}"
EndProject
Project("{FAE04EC0-301F-11D3-BF4B-00C04F79EFBC}") = "Unity.VSCode.Editor", "Unity.VSCode.Editor.csproj", "{8cc32d16-bb79-8c83-bace-d086cef8cdfa}"
EndProject
Project("{FAE04EC0-301F-11D3-BF4B-00C04F79EFBC}") = "UnityEditor.UI", "UnityEditor.UI.csproj", "{f311210f-d4aa-1aae-de27-bedae4a78e57}"
EndProject
Project("{FAE04EC0-301F-11D3-BF4B-00C04F79EFBC}") = "Unity.TestTools.CodeCoverage.Editor.OpenCover.Model", "Unity.TestTools.CodeCoverage.Editor.OpenCover.Model.csproj", "{469e2af0-b5b4-716b-317c-26a3b75898d2}"
EndProject
Project("{FAE04EC0-301F-11D3-BF4B-00C04F79EFBC}") = "Unity.EditorCoroutines.Editor", "Unity.EditorCoroutines.Editor.csproj", "{eb2461d7-7fe0-0579-cf3c-8fb45178a4a6}"
EndProject
Project("{FAE04EC0-301F-11D3-BF4B-00C04F79EFBC}") = "Unity.Settings.Editor", "Unity.Settings.Editor.csproj", "{20642e34-a036-96aa-4ce8-1c6bbba464e3}"
EndProject
Project("{FAE04EC0-301F-11D3-BF4B-00C04F79EFBC}") = "Unity.Services.Core.Configuration.Editor", "Unity.Services.Core.Configuration.Editor.csproj", "{0c8772ae-ac4b-f98f-b80d-96670d81484a}"
EndProject
Project("{FAE04EC0-301F-11D3-BF4B-00C04F79EFBC}") = "Unity.TestTools.CodeCoverage.Editor.OpenCover.Mono.Reflection", "Unity.TestTools.CodeCoverage.Editor.OpenCover.Mono.Reflection.csproj", "{b874a6dc-c58d-5274-9178-7721fa646206}"
EndProject
Project("{FAE04EC0-301F-11D3-BF4B-00C04F79EFBC}") = "Unity.VisualScripting.Shared.Editor", "Unity.VisualScripting.Shared.Editor.csproj", "{a6a3f276-6aec-ec7e-1bdf-af96665be64f}"
EndProject
Global
	GlobalSection(SolutionConfigurationPlatforms) = preSolution
		Debug|Any CPU = Debug|Any CPU
	EndGlobalSection
	GlobalSection(ProjectConfigurationPlatforms) = postSolution
		{bcf32f5c-303b-5350-86ab-e9bfa0fe5c9d}.Debug|Any CPU.ActiveCfg = Debug|Any CPU
		{bcf32f5c-303b-5350-86ab-e9bfa0fe5c9d}.Debug|Any CPU.Build.0 = Debug|Any CPU
		{fd98bd06-f70a-fd77-8abe-526ee8011d48}.Debug|Any CPU.ActiveCfg = Debug|Any CPU
		{fd98bd06-f70a-fd77-8abe-526ee8011d48}.Debug|Any CPU.Build.0 = Debug|Any CPU
		{3adb18ae-00e0-6627-b7e7-afbc738b7727}.Debug|Any CPU.ActiveCfg = Debug|Any CPU
		{3adb18ae-00e0-6627-b7e7-afbc738b7727}.Debug|Any CPU.Build.0 = Debug|Any CPU
		{4993da95-79d2-7f5c-7bc0-cc22a4ab7247}.Debug|Any CPU.ActiveCfg = Debug|Any CPU
		{4993da95-79d2-7f5c-7bc0-cc22a4ab7247}.Debug|Any CPU.Build.0 = Debug|Any CPU
		{e9183e06-19f6-0e14-f292-b2ec069d05f4}.Debug|Any CPU.ActiveCfg = Debug|Any CPU
		{e9183e06-19f6-0e14-f292-b2ec069d05f4}.Debug|Any CPU.Build.0 = Debug|Any CPU
		{d52d289d-14cb-7665-babb-ee8209d4248c}.Debug|Any CPU.ActiveCfg = Debug|Any CPU
		{d52d289d-14cb-7665-babb-ee8209d4248c}.Debug|Any CPU.Build.0 = Debug|Any CPU
		{8c651a1a-bf05-82e7-d6b6-62af94046859}.Debug|Any CPU.ActiveCfg = Debug|Any CPU
		{8c651a1a-bf05-82e7-d6b6-62af94046859}.Debug|Any CPU.Build.0 = Debug|Any CPU
		{93eac2b7-a638-55aa-36cb-d3f7ab180e72}.Debug|Any CPU.ActiveCfg = Debug|Any CPU
		{93eac2b7-a638-55aa-36cb-d3f7ab180e72}.Debug|Any CPU.Build.0 = Debug|Any CPU
		{1e22602e-8907-aa56-ebf3-b23c2b503f03}.Debug|Any CPU.ActiveCfg = Debug|Any CPU
		{1e22602e-8907-aa56-ebf3-b23c2b503f03}.Debug|Any CPU.Build.0 = Debug|Any CPU
		{602550db-e7c8-881a-c39a-04cb5f33fea8}.Debug|Any CPU.ActiveCfg = Debug|Any CPU
		{602550db-e7c8-881a-c39a-04cb5f33fea8}.Debug|Any CPU.Build.0 = Debug|Any CPU
		{4b861e01-2806-6d8c-8225-14fe2f112873}.Debug|Any CPU.ActiveCfg = Debug|Any CPU
		{4b861e01-2806-6d8c-8225-14fe2f112873}.Debug|Any CPU.Build.0 = Debug|Any CPU
		{3e934bd6-ba56-eaea-4c86-08e96b9b3a25}.Debug|Any CPU.ActiveCfg = Debug|Any CPU
		{3e934bd6-ba56-eaea-4c86-08e96b9b3a25}.Debug|Any CPU.Build.0 = Debug|Any CPU
		{6245c2ef-c298-872c-8a64-c756973fe5e1}.Debug|Any CPU.ActiveCfg = Debug|Any CPU
		{6245c2ef-c298-872c-8a64-c756973fe5e1}.Debug|Any CPU.Build.0 = Debug|Any CPU
		{dabf68ce-a65d-5dc5-d6d8-7788aea83612}.Debug|Any CPU.ActiveCfg = Debug|Any CPU
		{dabf68ce-a65d-5dc5-d6d8-7788aea83612}.Debug|Any CPU.Build.0 = Debug|Any CPU
		{581ef288-e278-b9b4-487a-295937e9c7ad}.Debug|Any CPU.ActiveCfg = Debug|Any CPU
		{581ef288-e278-b9b4-487a-295937e9c7ad}.Debug|Any CPU.Build.0 = Debug|Any CPU
		{7bf3b28f-9f18-87f4-5a90-9507532241ea}.Debug|Any CPU.ActiveCfg = Debug|Any CPU
		{7bf3b28f-9f18-87f4-5a90-9507532241ea}.Debug|Any CPU.Build.0 = Debug|Any CPU
		{2b43d362-e9c7-d5cd-69b7-a4db55773e6c}.Debug|Any CPU.ActiveCfg = Debug|Any CPU
		{2b43d362-e9c7-d5cd-69b7-a4db55773e6c}.Debug|Any CPU.Build.0 = Debug|Any CPU
		{0185e34c-4105-f8a7-2bca-61e7326f7c85}.Debug|Any CPU.ActiveCfg = Debug|Any CPU
		{0185e34c-4105-f8a7-2bca-61e7326f7c85}.Debug|Any CPU.Build.0 = Debug|Any CPU
		{d63a4edf-d3ff-79ac-eeae-28e4bdaceeab}.Debug|Any CPU.ActiveCfg = Debug|Any CPU
		{d63a4edf-d3ff-79ac-eeae-28e4bdaceeab}.Debug|Any CPU.Build.0 = Debug|Any CPU
		{721cbc18-8c12-7605-c6ce-9f03b6d12d21}.Debug|Any CPU.ActiveCfg = Debug|Any CPU
		{721cbc18-8c12-7605-c6ce-9f03b6d12d21}.Debug|Any CPU.Build.0 = Debug|Any CPU
		{5f6e1bfc-358a-2ca9-e482-2fe7b06ead1b}.Debug|Any CPU.ActiveCfg = Debug|Any CPU
		{5f6e1bfc-358a-2ca9-e482-2fe7b06ead1b}.Debug|Any CPU.Build.0 = Debug|Any CPU
		{9bdaca72-010d-0371-a211-2650f154c5ad}.Debug|Any CPU.ActiveCfg = Debug|Any CPU
		{9bdaca72-010d-0371-a211-2650f154c5ad}.Debug|Any CPU.Build.0 = Debug|Any CPU
		{f82d0a72-3572-4e69-f674-c00b7996a57b}.Debug|Any CPU.ActiveCfg = Debug|Any CPU
		{f82d0a72-3572-4e69-f674-c00b7996a57b}.Debug|Any CPU.Build.0 = Debug|Any CPU
		{0d458eb7-08c4-84ff-6976-a562aec11922}.Debug|Any CPU.ActiveCfg = Debug|Any CPU
		{0d458eb7-08c4-84ff-6976-a562aec11922}.Debug|Any CPU.Build.0 = Debug|Any CPU
		{a99f9e0e-fed4-9a82-d35b-2b1e259afee7}.Debug|Any CPU.ActiveCfg = Debug|Any CPU
		{a99f9e0e-fed4-9a82-d35b-2b1e259afee7}.Debug|Any CPU.Build.0 = Debug|Any CPU
		{855ab0d5-a3d7-8b7f-05f7-01491b5beb52}.Debug|Any CPU.ActiveCfg = Debug|Any CPU
		{855ab0d5-a3d7-8b7f-05f7-01491b5beb52}.Debug|Any CPU.Build.0 = Debug|Any CPU
		{0f180765-0147-c2be-c087-0e463fa67558}.Debug|Any CPU.ActiveCfg = Debug|Any CPU
		{0f180765-0147-c2be-c087-0e463fa67558}.Debug|Any CPU.Build.0 = Debug|Any CPU
		{40775152-7553-75c9-0c87-9a8b69e7d25a}.Debug|Any CPU.ActiveCfg = Debug|Any CPU
		{40775152-7553-75c9-0c87-9a8b69e7d25a}.Debug|Any CPU.Build.0 = Debug|Any CPU
		{d505c736-c346-c02d-56e0-efe9656fed30}.Debug|Any CPU.ActiveCfg = Debug|Any CPU
		{d505c736-c346-c02d-56e0-efe9656fed30}.Debug|Any CPU.Build.0 = Debug|Any CPU
		{f4a7f82a-0602-ab00-d4e3-4e5f0b0f05bf}.Debug|Any CPU.ActiveCfg = Debug|Any CPU
		{f4a7f82a-0602-ab00-d4e3-4e5f0b0f05bf}.Debug|Any CPU.Build.0 = Debug|Any CPU
		{f666f336-d40c-fb34-24b9-04d87738160c}.Debug|Any CPU.ActiveCfg = Debug|Any CPU
		{f666f336-d40c-fb34-24b9-04d87738160c}.Debug|Any CPU.Build.0 = Debug|Any CPU
		{ed6a99b1-0d8e-c8ac-4a37-766b5c6aafc0}.Debug|Any CPU.ActiveCfg = Debug|Any CPU
		{ed6a99b1-0d8e-c8ac-4a37-766b5c6aafc0}.Debug|Any CPU.Build.0 = Debug|Any CPU
		{13a14644-777e-161c-ab87-96c862a0a995}.Debug|Any CPU.ActiveCfg = Debug|Any CPU
		{13a14644-777e-161c-ab87-96c862a0a995}.Debug|Any CPU.Build.0 = Debug|Any CPU
		{e7b84e70-2d7b-3c4a-d5b5-62b85be71e7f}.Debug|Any CPU.ActiveCfg = Debug|Any CPU
		{e7b84e70-2d7b-3c4a-d5b5-62b85be71e7f}.Debug|Any CPU.Build.0 = Debug|Any CPU
		{8cc32d16-bb79-8c83-bace-d086cef8cdfa}.Debug|Any CPU.ActiveCfg = Debug|Any CPU
		{8cc32d16-bb79-8c83-bace-d086cef8cdfa}.Debug|Any CPU.Build.0 = Debug|Any CPU
		{f311210f-d4aa-1aae-de27-bedae4a78e57}.Debug|Any CPU.ActiveCfg = Debug|Any CPU
		{f311210f-d4aa-1aae-de27-bedae4a78e57}.Debug|Any CPU.Build.0 = Debug|Any CPU
		{469e2af0-b5b4-716b-317c-26a3b75898d2}.Debug|Any CPU.ActiveCfg = Debug|Any CPU
		{469e2af0-b5b4-716b-317c-26a3b75898d2}.Debug|Any CPU.Build.0 = Debug|Any CPU
		{eb2461d7-7fe0-0579-cf3c-8fb45178a4a6}.Debug|Any CPU.ActiveCfg = Debug|Any CPU
		{eb2461d7-7fe0-0579-cf3c-8fb45178a4a6}.Debug|Any CPU.Build.0 = Debug|Any CPU
		{20642e34-a036-96aa-4ce8-1c6bbba464e3}.Debug|Any CPU.ActiveCfg = Debug|Any CPU
		{20642e34-a036-96aa-4ce8-1c6bbba464e3}.Debug|Any CPU.Build.0 = Debug|Any CPU
		{0c8772ae-ac4b-f98f-b80d-96670d81484a}.Debug|Any CPU.ActiveCfg = Debug|Any CPU
		{0c8772ae-ac4b-f98f-b80d-96670d81484a}.Debug|Any CPU.Build.0 = Debug|Any CPU
		{b874a6dc-c58d-5274-9178-7721fa646206}.Debug|Any CPU.ActiveCfg = Debug|Any CPU
		{b874a6dc-c58d-5274-9178-7721fa646206}.Debug|Any CPU.Build.0 = Debug|Any CPU
		{a6a3f276-6aec-ec7e-1bdf-af96665be64f}.Debug|Any CPU.ActiveCfg = Debug|Any CPU
		{a6a3f276-6aec-ec7e-1bdf-af96665be64f}.Debug|Any CPU.Build.0 = Debug|Any CPU
	EndGlobalSection
	GlobalSection(SolutionProperties) = preSolution
		HideSolutionNode = FALSE
	EndGlobalSection
EndGlobal
